
Microsoft Visual Studio Solution File, Format Version 12.00
# Visual Studio Version 16
VisualStudioVersion = 16.0.30907.101
MinimumVisualStudioVersion = 10.0.40219.1
Project("{FAE04EC0-301F-11D3-BF4B-00C04F79EFBC}") = "WebApiFuAgency", "WebApiFuAgency\WebApiFuAgency.csproj", "{6C53BFCA-3AD7-4235-AD37-C3F79F2E30EC}"
	ProjectSection(ProjectDependencies) = postProject
		{C9577FD8-11C2-42F2-83C2-42233697D83F} = {C9577FD8-11C2-42F2-83C2-42233697D83F}
	EndProjectSection
EndProject
Project("{FAE04EC0-301F-11D3-BF4B-00C04F79EFBC}") = "Employee", "Employee\Employee.csproj", "{C9577FD8-11C2-42F2-83C2-42233697D83F}"
EndProject
Global
	GlobalSection(SolutionConfigurationPlatforms) = preSolution
		Debug|Any CPU = Debug|Any CPU
		Release|Any CPU = Release|Any CPU
	EndGlobalSection
	GlobalSection(ProjectConfigurationPlatforms) = postSolution
		{6C53BFCA-3AD7-4235-AD37-C3F79F2E30EC}.Debug|Any CPU.ActiveCfg = Debug|Any CPU
		{6C53BFCA-3AD7-4235-AD37-C3F79F2E30EC}.Debug|Any CPU.Build.0 = Debug|Any CPU
		{6C53BFCA-3AD7-4235-AD37-C3F79F2E30EC}.Release|Any CPU.ActiveCfg = Release|Any CPU
		{6C53BFCA-3AD7-4235-AD37-C3F79F2E30EC}.Release|Any CPU.Build.0 = Release|Any CPU
		{C9577FD8-11C2-42F2-83C2-42233697D83F}.Debug|Any CPU.ActiveCfg = Debug|Any CPU
		{C9577FD8-11C2-42F2-83C2-42233697D83F}.Debug|Any CPU.Build.0 = Debug|Any CPU
		{C9577FD8-11C2-42F2-83C2-42233697D83F}.Release|Any CPU.ActiveCfg = Release|Any CPU
		{C9577FD8-11C2-42F2-83C2-42233697D83F}.Release|Any CPU.Build.0 = Release|Any CPU
	EndGlobalSection
	GlobalSection(SolutionProperties) = preSolution
		HideSolutionNode = FALSE
	EndGlobalSection
	GlobalSection(ExtensibilityGlobals) = postSolution
		SolutionGuid = {4EB10268-DC81-426F-BBA5-E100311D89AA}
	EndGlobalSection
EndGlobal
